
Microsoft Visual Studio Solution File, Format Version 12.00
# Visual Studio Version 16
VisualStudioVersion = 16.0.30804.86
MinimumVisualStudioVersion = 10.0.40219.1
Project("{FAE04EC0-301F-11D3-BF4B-00C04F79EFBC}") = "TheHeist", "TheHeist\TheHeist.csproj", "{751EDA48-70F6-4595-818C-ED7C855312CC}"
EndProject
Global
	GlobalSection(SolutionConfigurationPlatforms) = preSolution
		Debug|Any CPU = Debug|Any CPU
		Release|Any CPU = Release|Any CPU
	EndGlobalSection
	GlobalSection(ProjectConfigurationPlatforms) = postSolution
		{751EDA48-70F6-4595-818C-ED7C855312CC}.Debug|Any CPU.ActiveCfg = Debug|Any CPU
		{751EDA48-70F6-4595-818C-ED7C855312CC}.Debug|Any CPU.Build.0 = Debug|Any CPU
		{751EDA48-70F6-4595-818C-ED7C855312CC}.Release|Any CPU.ActiveCfg = Release|Any CPU
		{751EDA48-70F6-4595-818C-ED7C855312CC}.Release|Any CPU.Build.0 = Release|Any CPU
	EndGlobalSection
	GlobalSection(SolutionProperties) = preSolution
		HideSolutionNode = FALSE
	EndGlobalSection
	GlobalSection(ExtensibilityGlobals) = postSolution
		SolutionGuid = {8E0B9BB0-343D-480C-955B-83799EB5F62D}
	EndGlobalSection
EndGlobal
